// !$*UTF8*$!
{
	archiveVersion = 1;
	classes = {
	};
	objectVersion = 46;
	objects = {

/* Begin PBXBuildFile section */
		BC60BFEF1B20E2EF00909105 /* RadiolobeLogo1.png in Resources */ = {isa = PBXBuildFile; fileRef = BC60BFEC1B20E2EF00909105 /* RadiolobeLogo1.png */; };
		BC60BFF01B20E2EF00909105 /* lema.png in Resources */ = {isa = PBXBuildFile; fileRef = BC60BFED1B20E2EF00909105 /* lema.png */; };
		BC60BFF11B20E2EF00909105 /* lema2.png in Resources */ = {isa = PBXBuildFile; fileRef = BC60BFEE1B20E2EF00909105 /* lema2.png */; };
		BCA150281B14971C00CD562F /* PlayerViewController.m in Sources */ = {isa = PBXBuildFile; fileRef = BCA150271B14971C00CD562F /* PlayerViewController.m */; };
		BCA1502A1B149EE000CD562F /* AVFoundation.framework in Frameworks */ = {isa = PBXBuildFile; fileRef = BCA150291B149EE000CD562F /* AVFoundation.framework */; };
		BCA1502D1B15E23D00CD562F /* PlayerBuildViewController.m in Sources */ = {isa = PBXBuildFile; fileRef = BCA1502C1B15E23D00CD562F /* PlayerBuildViewController.m */; };
		BCA1502F1B16581900CD562F /* Foundation.framework in Frameworks */ = {isa = PBXBuildFile; fileRef = BCA1502E1B16581900CD562F /* Foundation.framework */; };
		BCA150311B1665EB00CD562F /* CoreFoundation.framework in Frameworks */ = {isa = PBXBuildFile; fileRef = BCA150301B1665EB00CD562F /* CoreFoundation.framework */; };
		BCA1507C1B17640900CD562F /* PlayBtnMid.png in Resources */ = {isa = PBXBuildFile; fileRef = BCA1507B1B17640900CD562F /* PlayBtnMid.png */; };
		BCA1507F1B1764CD00CD562F /* StopBtnMid.png in Resources */ = {isa = PBXBuildFile; fileRef = BCA1507D1B1764CD00CD562F /* StopBtnMid.png */; };
		BCA150801B1764CD00CD562F /* PauseBtnMid.png in Resources */ = {isa = PBXBuildFile; fileRef = BCA1507E1B1764CD00CD562F /* PauseBtnMid.png */; };
		BCFB6E791B0EC5C50031538A /* main.m in Sources */ = {isa = PBXBuildFile; fileRef = BCFB6E781B0EC5C50031538A /* main.m */; };
		BCFB6E7C1B0EC5C50031538A /* AppDelegate.m in Sources */ = {isa = PBXBuildFile; fileRef = BCFB6E7B1B0EC5C50031538A /* AppDelegate.m */; };
		BCFB6E7F1B0EC5C50031538A /* MusicMarker2.xcdatamodeld in Sources */ = {isa = PBXBuildFile; fileRef = BCFB6E7D1B0EC5C50031538A /* MusicMarker2.xcdatamodeld */; };
		BCFB6E821B0EC5C50031538A /* ViewController.m in Sources */ = {isa = PBXBuildFile; fileRef = BCFB6E811B0EC5C50031538A /* ViewController.m */; };
		BCFB6E851B0EC5C50031538A /* Main.storyboard in Resources */ = {isa = PBXBuildFile; fileRef = BCFB6E831B0EC5C50031538A /* Main.storyboard */; };
		BCFB6E871B0EC5C50031538A /* Images.xcassets in Resources */ = {isa = PBXBuildFile; fileRef = BCFB6E861B0EC5C50031538A /* Images.xcassets */; };
		BCFB6E8A1B0EC5C50031538A /* LaunchScreen.xib in Resources */ = {isa = PBXBuildFile; fileRef = BCFB6E881B0EC5C50031538A /* LaunchScreen.xib */; };
		BCFB6E961B0EC5C50031538A /* MusicMarker2Tests.m in Sources */ = {isa = PBXBuildFile; fileRef = BCFB6E951B0EC5C50031538A /* MusicMarker2Tests.m */; };
		BCFB6EA11B0ED8A10031538A /* MusicTableViewController.m in Sources */ = {isa = PBXBuildFile; fileRef = BCFB6EA01B0ED8A10031538A /* MusicTableViewController.m */; };
		BCFB6EA31B0EDCB50031538A /* DropboxSDK.framework in Frameworks */ = {isa = PBXBuildFile; fileRef = BCFB6EA21B0EDCB50031538A /* DropboxSDK.framework */; };
		BCFB6EA51B0EDCD80031538A /* Security.framework in Frameworks */ = {isa = PBXBuildFile; fileRef = BCFB6EA41B0EDCD80031538A /* Security.framework */; };
		BCFB6EA71B0EDD5F0031538A /* QuartzCore.framework in Frameworks */ = {isa = PBXBuildFile; fileRef = BCFB6EA61B0EDD5F0031538A /* QuartzCore.framework */; };
/* End PBXBuildFile section */

/* Begin PBXContainerItemProxy section */
		BCFB6E901B0EC5C50031538A /* PBXContainerItemProxy */ = {
			isa = PBXContainerItemProxy;
			containerPortal = BCFB6E6B1B0EC5C50031538A /* Project object */;
			proxyType = 1;
			remoteGlobalIDString = BCFB6E721B0EC5C50031538A;
			remoteInfo = MusicMarker2;
		};
/* End PBXContainerItemProxy section */

/* Begin PBXFileReference section */
		BC60BFEC1B20E2EF00909105 /* RadiolobeLogo1.png */ = {isa = PBXFileReference; lastKnownFileType = image.png; path = RadiolobeLogo1.png; sourceTree = "<group>"; };
		BC60BFED1B20E2EF00909105 /* lema.png */ = {isa = PBXFileReference; lastKnownFileType = image.png; path = lema.png; sourceTree = "<group>"; };
		BC60BFEE1B20E2EF00909105 /* lema2.png */ = {isa = PBXFileReference; lastKnownFileType = image.png; path = lema2.png; sourceTree = "<group>"; };
		BCA150261B14971C00CD562F /* PlayerViewController.h */ = {isa = PBXFileReference; fileEncoding = 4; lastKnownFileType = sourcecode.c.h; path = PlayerViewController.h; sourceTree = "<group>"; };
		BCA150271B14971C00CD562F /* PlayerViewController.m */ = {isa = PBXFileReference; fileEncoding = 4; lastKnownFileType = sourcecode.c.objc; path = PlayerViewController.m; sourceTree = "<group>"; };
		BCA150291B149EE000CD562F /* AVFoundation.framework */ = {isa = PBXFileReference; lastKnownFileType = wrapper.framework; name = AVFoundation.framework; path = System/Library/Frameworks/AVFoundation.framework; sourceTree = SDKROOT; };
		BCA1502B1B15E23D00CD562F /* PlayerBuildViewController.h */ = {isa = PBXFileReference; fileEncoding = 4; lastKnownFileType = sourcecode.c.h; path = PlayerBuildViewController.h; sourceTree = "<group>"; };
		BCA1502C1B15E23D00CD562F /* PlayerBuildViewController.m */ = {isa = PBXFileReference; fileEncoding = 4; lastKnownFileType = sourcecode.c.objc; path = PlayerBuildViewController.m; sourceTree = "<group>"; };
		BCA1502E1B16581900CD562F /* Foundation.framework */ = {isa = PBXFileReference; lastKnownFileType = wrapper.framework; name = Foundation.framework; path = System/Library/Frameworks/Foundation.framework; sourceTree = SDKROOT; };
		BCA150301B1665EB00CD562F /* CoreFoundation.framework */ = {isa = PBXFileReference; lastKnownFileType = wrapper.framework; name = CoreFoundation.framework; path = System/Library/Frameworks/CoreFoundation.framework; sourceTree = SDKROOT; };
		BCA1507B1B17640900CD562F /* PlayBtnMid.png */ = {isa = PBXFileReference; lastKnownFileType = image.png; path = PlayBtnMid.png; sourceTree = "<group>"; };
		BCA1507D1B1764CD00CD562F /* StopBtnMid.png */ = {isa = PBXFileReference; lastKnownFileType = image.png; path = StopBtnMid.png; sourceTree = "<group>"; };
		BCA1507E1B1764CD00CD562F /* PauseBtnMid.png */ = {isa = PBXFileReference; lastKnownFileType = image.png; path = PauseBtnMid.png; sourceTree = "<group>"; };
		BCFB6E731B0EC5C50031538A /* MusicMarker2.app */ = {isa = PBXFileReference; explicitFileType = wrapper.application; includeInIndex = 0; path = MusicMarker2.app; sourceTree = BUILT_PRODUCTS_DIR; };
		BCFB6E771B0EC5C50031538A /* Info.plist */ = {isa = PBXFileReference; lastKnownFileType = text.plist.xml; path = Info.plist; sourceTree = "<group>"; };
		BCFB6E781B0EC5C50031538A /* main.m */ = {isa = PBXFileReference; lastKnownFileType = sourcecode.c.objc; path = main.m; sourceTree = "<group>"; };
		BCFB6E7A1B0EC5C50031538A /* AppDelegate.h */ = {isa = PBXFileReference; lastKnownFileType = sourcecode.c.h; path = AppDelegate.h; sourceTree = "<group>"; };
		BCFB6E7B1B0EC5C50031538A /* AppDelegate.m */ = {isa = PBXFileReference; lastKnownFileType = sourcecode.c.objc; path = AppDelegate.m; sourceTree = "<group>"; };
		BCFB6E7E1B0EC5C50031538A /* MusicMarker2.xcdatamodel */ = {isa = PBXFileReference; lastKnownFileType = wrapper.xcdatamodel; path = MusicMarker2.xcdatamodel; sourceTree = "<group>"; };
		BCFB6E801B0EC5C50031538A /* ViewController.h */ = {isa = PBXFileReference; lastKnownFileType = sourcecode.c.h; path = ViewController.h; sourceTree = "<group>"; };
		BCFB6E811B0EC5C50031538A /* ViewController.m */ = {isa = PBXFileReference; lastKnownFileType = sourcecode.c.objc; path = ViewController.m; sourceTree = "<group>"; };
		BCFB6E841B0EC5C50031538A /* Base */ = {isa = PBXFileReference; lastKnownFileType = file.storyboard; name = Base; path = Base.lproj/Main.storyboard; sourceTree = "<group>"; };
		BCFB6E861B0EC5C50031538A /* Images.xcassets */ = {isa = PBXFileReference; lastKnownFileType = folder.assetcatalog; path = Images.xcassets; sourceTree = "<group>"; };
		BCFB6E891B0EC5C50031538A /* Base */ = {isa = PBXFileReference; lastKnownFileType = file.xib; name = Base; path = Base.lproj/LaunchScreen.xib; sourceTree = "<group>"; };
		BCFB6E8F1B0EC5C50031538A /* MusicMarker2Tests.xctest */ = {isa = PBXFileReference; explicitFileType = wrapper.cfbundle; includeInIndex = 0; path = MusicMarker2Tests.xctest; sourceTree = BUILT_PRODUCTS_DIR; };
		BCFB6E941B0EC5C50031538A /* Info.plist */ = {isa = PBXFileReference; lastKnownFileType = text.plist.xml; path = Info.plist; sourceTree = "<group>"; };
		BCFB6E951B0EC5C50031538A /* MusicMarker2Tests.m */ = {isa = PBXFileReference; lastKnownFileType = sourcecode.c.objc; path = MusicMarker2Tests.m; sourceTree = "<group>"; };
		BCFB6E9F1B0ED8A10031538A /* MusicTableViewController.h */ = {isa = PBXFileReference; fileEncoding = 4; lastKnownFileType = sourcecode.c.h; path = MusicTableViewController.h; sourceTree = "<group>"; };
		BCFB6EA01B0ED8A10031538A /* MusicTableViewController.m */ = {isa = PBXFileReference; fileEncoding = 4; lastKnownFileType = sourcecode.c.objc; path = MusicTableViewController.m; sourceTree = "<group>"; };
		BCFB6EA21B0EDCB50031538A /* DropboxSDK.framework */ = {isa = PBXFileReference; lastKnownFileType = wrapper.framework; path = DropboxSDK.framework; sourceTree = "<group>"; };
		BCFB6EA41B0EDCD80031538A /* Security.framework */ = {isa = PBXFileReference; lastKnownFileType = wrapper.framework; name = Security.framework; path = System/Library/Frameworks/Security.framework; sourceTree = SDKROOT; };
		BCFB6EA61B0EDD5F0031538A /* QuartzCore.framework */ = {isa = PBXFileReference; lastKnownFileType = wrapper.framework; name = QuartzCore.framework; path = System/Library/Frameworks/QuartzCore.framework; sourceTree = SDKROOT; };
/* End PBXFileReference section */

/* Begin PBXFrameworksBuildPhase section */
		BCFB6E701B0EC5C50031538A /* Frameworks */ = {
			isa = PBXFrameworksBuildPhase;
			buildActionMask = 2147483647;
			files = (
				BCA150311B1665EB00CD562F /* CoreFoundation.framework in Frameworks */,
				BCA1502F1B16581900CD562F /* Foundation.framework in Frameworks */,
				BCA1502A1B149EE000CD562F /* AVFoundation.framework in Frameworks */,
				BCFB6EA71B0EDD5F0031538A /* QuartzCore.framework in Frameworks */,
				BCFB6EA51B0EDCD80031538A /* Security.framework in Frameworks */,
				BCFB6EA31B0EDCB50031538A /* DropboxSDK.framework in Frameworks */,
			);
			runOnlyForDeploymentPostprocessing = 0;
		};
		BCFB6E8C1B0EC5C50031538A /* Frameworks */ = {
			isa = PBXFrameworksBuildPhase;
			buildActionMask = 2147483647;
			files = (
			);
			runOnlyForDeploymentPostprocessing = 0;
		};
/* End PBXFrameworksBuildPhase section */

/* Begin PBXGroup section */
		BCFB6E6A1B0EC5C50031538A = {
			isa = PBXGroup;
			children = (
				BCA150301B1665EB00CD562F /* CoreFoundation.framework */,
				BCFB6E751B0EC5C50031538A /* MusicMarker2 */,
				BCFB6E921B0EC5C50031538A /* MusicMarker2Tests */,
				BCFB6E741B0EC5C50031538A /* Products */,
				BCA1502E1B16581900CD562F /* Foundation.framework */,
				BCA150291B149EE000CD562F /* AVFoundation.framework */,
				BCFB6EA41B0EDCD80031538A /* Security.framework */,
				BCFB6EA61B0EDD5F0031538A /* QuartzCore.framework */,
				BCFB6EA21B0EDCB50031538A /* DropboxSDK.framework */,
			);
			sourceTree = "<group>";
		};
		BCFB6E741B0EC5C50031538A /* Products */ = {
			isa = PBXGroup;
			children = (
				BCFB6E731B0EC5C50031538A /* MusicMarker2.app */,
				BCFB6E8F1B0EC5C50031538A /* MusicMarker2Tests.xctest */,
			);
			name = Products;
			sourceTree = "<group>";
		};
		BCFB6E751B0EC5C50031538A /* MusicMarker2 */ = {
			isa = PBXGroup;
			children = (
				BCFB6E7A1B0EC5C50031538A /* AppDelegate.h */,
				BCFB6E7B1B0EC5C50031538A /* AppDelegate.m */,
				BCFB6E801B0EC5C50031538A /* ViewController.h */,
				BCFB6E811B0EC5C50031538A /* ViewController.m */,
				BCA150261B14971C00CD562F /* PlayerViewController.h */,
				BCA150271B14971C00CD562F /* PlayerViewController.m */,
				BCA1502B1B15E23D00CD562F /* PlayerBuildViewController.h */,
				BCA1502C1B15E23D00CD562F /* PlayerBuildViewController.m */,
				BCFB6E9F1B0ED8A10031538A /* MusicTableViewController.h */,
				BCFB6EA01B0ED8A10031538A /* MusicTableViewController.m */,
				BCFB6E831B0EC5C50031538A /* Main.storyboard */,
				BCFB6E861B0EC5C50031538A /* Images.xcassets */,
				BCFB6E881B0EC5C50031538A /* LaunchScreen.xib */,
				BCFB6E7D1B0EC5C50031538A /* MusicMarker2.xcdatamodeld */,
				BCFB6E761B0EC5C50031538A /* Supporting Files */,
			);
			path = MusicMarker2;
			sourceTree = "<group>";
		};
		BCFB6E761B0EC5C50031538A /* Supporting Files */ = {
			isa = PBXGroup;
			children = (
				BCA1507B1B17640900CD562F /* PlayBtnMid.png */,
				BCA1507D1B1764CD00CD562F /* StopBtnMid.png */,
				BCA1507E1B1764CD00CD562F /* PauseBtnMid.png */,
				BC60BFEC1B20E2EF00909105 /* RadiolobeLogo1.png */,
				BC60BFED1B20E2EF00909105 /* lema.png */,
				BC60BFEE1B20E2EF00909105 /* lema2.png */,
				BCFB6E771B0EC5C50031538A /* Info.plist */,
				BCFB6E781B0EC5C50031538A /* main.m */,
			);
			name = "Supporting Files";
			sourceTree = "<group>";
		};
		BCFB6E921B0EC5C50031538A /* MusicMarker2Tests */ = {
			isa = PBXGroup;
			children = (
				BCFB6E951B0EC5C50031538A /* MusicMarker2Tests.m */,
				BCFB6E931B0EC5C50031538A /* Supporting Files */,
			);
			path = MusicMarker2Tests;
			sourceTree = "<group>";
		};
		BCFB6E931B0EC5C50031538A /* Supporting Files */ = {
			isa = PBXGroup;
			children = (
				BCFB6E941B0EC5C50031538A /* Info.plist */,
			);
			name = "Supporting Files";
			sourceTree = "<group>";
		};
/* End PBXGroup section */

/* Begin PBXNativeTarget section */
		BCFB6E721B0EC5C50031538A /* MusicMarker2 */ = {
			isa = PBXNativeTarget;
			buildConfigurationList = BCFB6E991B0EC5C50031538A /* Build configuration list for PBXNativeTarget "MusicMarker2" */;
			buildPhases = (
				BCFB6E6F1B0EC5C50031538A /* Sources */,
				BCFB6E701B0EC5C50031538A /* Frameworks */,
				BCFB6E711B0EC5C50031538A /* Resources */,
			);
			buildRules = (
			);
			dependencies = (
			);
			name = MusicMarker2;
			productName = MusicMarker2;
			productReference = BCFB6E731B0EC5C50031538A /* MusicMarker2.app */;
			productType = "com.apple.product-type.application";
		};
		BCFB6E8E1B0EC5C50031538A /* MusicMarker2Tests */ = {
			isa = PBXNativeTarget;
			buildConfigurationList = BCFB6E9C1B0EC5C50031538A /* Build configuration list for PBXNativeTarget "MusicMarker2Tests" */;
			buildPhases = (
				BCFB6E8B1B0EC5C50031538A /* Sources */,
				BCFB6E8C1B0EC5C50031538A /* Frameworks */,
				BCFB6E8D1B0EC5C50031538A /* Resources */,
			);
			buildRules = (
			);
			dependencies = (
				BCFB6E911B0EC5C50031538A /* PBXTargetDependency */,
			);
			name = MusicMarker2Tests;
			productName = MusicMarker2Tests;
			productReference = BCFB6E8F1B0EC5C50031538A /* MusicMarker2Tests.xctest */;
			productType = "com.apple.product-type.bundle.unit-test";
		};
/* End PBXNativeTarget section */

/* Begin PBXProject section */
		BCFB6E6B1B0EC5C50031538A /* Project object */ = {
			isa = PBXProject;
			attributes = {
				LastUpgradeCheck = 0630;
				ORGANIZATIONNAME = Radiolobe;
				TargetAttributes = {
					BCFB6E721B0EC5C50031538A = {
						CreatedOnToolsVersion = 6.3.2;
					};
					BCFB6E8E1B0EC5C50031538A = {
						CreatedOnToolsVersion = 6.3.2;
						TestTargetID = BCFB6E721B0EC5C50031538A;
					};
				};
			};
			buildConfigurationList = BCFB6E6E1B0EC5C50031538A /* Build configuration list for PBXProject "MusicMarker2" */;
			compatibilityVersion = "Xcode 3.2";
			developmentRegion = English;
			hasScannedForEncodings = 0;
			knownRegions = (
				en,
				Base,
			);
			mainGroup = BCFB6E6A1B0EC5C50031538A;
			productRefGroup = BCFB6E741B0EC5C50031538A /* Products */;
			projectDirPath = "";
			projectRoot = "";
			targets = (
				BCFB6E721B0EC5C50031538A /* MusicMarker2 */,
				BCFB6E8E1B0EC5C50031538A /* MusicMarker2Tests */,
			);
		};
/* End PBXProject section */

/* Begin PBXResourcesBuildPhase section */
		BCFB6E711B0EC5C50031538A /* Resources */ = {
			isa = PBXResourcesBuildPhase;
			buildActionMask = 2147483647;
			files = (
				BCFB6E851B0EC5C50031538A /* Main.storyboard in Resources */,
				BC60BFEF1B20E2EF00909105 /* RadiolobeLogo1.png in Resources */,
				BC60BFF11B20E2EF00909105 /* lema2.png in Resources */,
				BC60BFF01B20E2EF00909105 /* lema.png in Resources */,
				BCFB6E8A1B0EC5C50031538A /* LaunchScreen.xib in Resources */,
				BCA150801B1764CD00CD562F /* PauseBtnMid.png in Resources */,
				BCFB6E871B0EC5C50031538A /* Images.xcassets in Resources */,
				BCA1507C1B17640900CD562F /* PlayBtnMid.png in Resources */,
				BCA1507F1B1764CD00CD562F /* StopBtnMid.png in Resources */,
			);
			runOnlyForDeploymentPostprocessing = 0;
		};
		BCFB6E8D1B0EC5C50031538A /* Resources */ = {
			isa = PBXResourcesBuildPhase;
			buildActionMask = 2147483647;
			files = (
			);
			runOnlyForDeploymentPostprocessing = 0;
		};
/* End PBXResourcesBuildPhase section */

/* Begin PBXSourcesBuildPhase section */
		BCFB6E6F1B0EC5C50031538A /* Sources */ = {
			isa = PBXSourcesBuildPhase;
			buildActionMask = 2147483647;
			files = (
				BCA150281B14971C00CD562F /* PlayerViewController.m in Sources */,
				BCA1502D1B15E23D00CD562F /* PlayerBuildViewController.m in Sources */,
				BCFB6EA11B0ED8A10031538A /* MusicTableViewController.m in Sources */,
				BCFB6E7F1B0EC5C50031538A /* MusicMarker2.xcdatamodeld in Sources */,
				BCFB6E7C1B0EC5C50031538A /* AppDelegate.m in Sources */,
				BCFB6E821B0EC5C50031538A /* ViewController.m in Sources */,
				BCFB6E791B0EC5C50031538A /* main.m in Sources */,
			);
			runOnlyForDeploymentPostprocessing = 0;
		};
		BCFB6E8B1B0EC5C50031538A /* Sources */ = {
			isa = PBXSourcesBuildPhase;
			buildActionMask = 2147483647;
			files = (
				BCFB6E961B0EC5C50031538A /* MusicMarker2Tests.m in Sources */,
			);
			runOnlyForDeploymentPostprocessing = 0;
		};
/* End PBXSourcesBuildPhase section */

/* Begin PBXTargetDependency section */
		BCFB6E911B0EC5C50031538A /* PBXTargetDependency */ = {
			isa = PBXTargetDependency;
			target = BCFB6E721B0EC5C50031538A /* MusicMarker2 */;
			targetProxy = BCFB6E901B0EC5C50031538A /* PBXContainerItemProxy */;
		};
/* End PBXTargetDependency section */

/* Begin PBXVariantGroup section */
		BCFB6E831B0EC5C50031538A /* Main.storyboard */ = {
			isa = PBXVariantGroup;
			children = (
				BCFB6E841B0EC5C50031538A /* Base */,
			);
			name = Main.storyboard;
			sourceTree = "<group>";
		};
		BCFB6E881B0EC5C50031538A /* LaunchScreen.xib */ = {
			isa = PBXVariantGroup;
			children = (
				BCFB6E891B0EC5C50031538A /* Base */,
			);
			name = LaunchScreen.xib;
			sourceTree = "<group>";
		};
/* End PBXVariantGroup section */

/* Begin XCBuildConfiguration section */
		BCFB6E971B0EC5C50031538A /* Debug */ = {
			isa = XCBuildConfiguration;
			buildSettings = {
				ALWAYS_SEARCH_USER_PATHS = NO;
				CLANG_CXX_LANGUAGE_STANDARD = "gnu++0x";
				CLANG_CXX_LIBRARY = "libc++";
				CLANG_ENABLE_MODULES = YES;
				CLANG_ENABLE_OBJC_ARC = YES;
				CLANG_WARN_BOOL_CONVERSION = YES;
				CLANG_WARN_CONSTANT_CONVERSION = YES;
				CLANG_WARN_DIRECT_OBJC_ISA_USAGE = YES_ERROR;
				CLANG_WARN_EMPTY_BODY = YES;
				CLANG_WARN_ENUM_CONVERSION = YES;
				CLANG_WARN_INT_CONVERSION = YES;
				CLANG_WARN_OBJC_ROOT_CLASS = YES_ERROR;
				CLANG_WARN_UNREACHABLE_CODE = YES;
				CLANG_WARN__DUPLICATE_METHOD_MATCH = YES;
				"CODE_SIGN_IDENTITY[sdk=iphoneos*]" = "iPhone Developer";
				COPY_PHASE_STRIP = NO;
				DEBUG_INFORMATION_FORMAT = "dwarf-with-dsym";
				ENABLE_STRICT_OBJC_MSGSEND = YES;
				GCC_C_LANGUAGE_STANDARD = gnu99;
				GCC_DYNAMIC_NO_PIC = NO;
				GCC_NO_COMMON_BLOCKS = YES;
				GCC_OPTIMIZATION_LEVEL = 0;
				GCC_PREPROCESSOR_DEFINITIONS = (
					"DEBUG=1",
					"$(inherited)",
				);
				GCC_SYMBOLS_PRIVATE_EXTERN = NO;
				GCC_WARN_64_TO_32_BIT_CONVERSION = YES;
				GCC_WARN_ABOUT_RETURN_TYPE = YES_ERROR;
				GCC_WARN_UNDECLARED_SELECTOR = YES;
				GCC_WARN_UNINITIALIZED_AUTOS = YES_AGGRESSIVE;
				GCC_WARN_UNUSED_FUNCTION = YES;
				GCC_WARN_UNUSED_VARIABLE = YES;
				IPHONEOS_DEPLOYMENT_TARGET = 8.3;
				MTL_ENABLE_DEBUG_INFO = YES;
				ONLY_ACTIVE_ARCH = YES;
				SDKROOT = iphoneos;
			};
			name = Debug;
		};
		BCFB6E981B0EC5C50031538A /* Release */ = {
			isa = XCBuildConfiguration;
			buildSettings = {
				ALWAYS_SEARCH_USER_PATHS = NO;
				CLANG_CXX_LANGUAGE_STANDARD = "gnu++0x";
				CLANG_CXX_LIBRARY = "libc++";
				CLANG_ENABLE_MODULES = YES;
				CLANG_ENABLE_OBJC_ARC = YES;
				CLANG_WARN_BOOL_CONVERSION = YES;
				CLANG_WARN_CONSTANT_CONVERSION = YES;
				CLANG_WARN_DIRECT_OBJC_ISA_USAGE = YES_ERROR;
				CLANG_WARN_EMPTY_BODY = YES;
				CLANG_WARN_ENUM_CONVERSION = YES;
				CLANG_WARN_INT_CONVERSION = YES;
				CLANG_WARN_OBJC_ROOT_CLASS = YES_ERROR;
				CLANG_WARN_UNREACHABLE_CODE = YES;
				CLANG_WARN__DUPLICATE_METHOD_MATCH = YES;
				"CODE_SIGN_IDENTITY[sdk=iphoneos*]" = "iPhone Developer";
				COPY_PHASE_STRIP = NO;
				DEBUG_INFORMATION_FORMAT = "dwarf-with-dsym";
				ENABLE_NS_ASSERTIONS = NO;
				ENABLE_STRICT_OBJC_MSGSEND = YES;
				GCC_C_LANGUAGE_STANDARD = gnu99;
				GCC_NO_COMMON_BLOCKS = YES;
				GCC_WARN_64_TO_32_BIT_CONVERSION = YES;
				GCC_WARN_ABOUT_RETURN_TYPE = YES_ERROR;
				GCC_WARN_UNDECLARED_SELECTOR = YES;
				GCC_WARN_UNINITIALIZED_AUTOS = YES_AGGRESSIVE;
				GCC_WARN_UNUSED_FUNCTION = YES;
				GCC_WARN_UNUSED_VARIABLE = YES;
				IPHONEOS_DEPLOYMENT_TARGET = 8.3;
				MTL_ENABLE_DEBUG_INFO = NO;
				SDKROOT = iphoneos;
				VALIDATE_PRODUCT = YES;
			};
			name = Release;
		};
		BCFB6E9A1B0EC5C50031538A /* Debug */ = {
			isa = XCBuildConfiguration;
			buildSettings = {
				ASSETCATALOG_COMPILER_APPICON_NAME = AppIcon;
				FRAMEWORK_SEARCH_PATHS = (
					"$(inherited)",
					"$(PROJECT_DIR)",
				);
				INFOPLIST_FILE = MusicMarker2/Info.plist;
				LD_RUNPATH_SEARCH_PATHS = "$(inherited) @executable_path/Frameworks";
				PRODUCT_NAME = "$(TARGET_NAME)";
			};
			name = Debug;
		};
		BCFB6E9B1B0EC5C50031538A /* Release */ = {
			isa = XCBuildConfiguration;
			buildSettings = {
				ASSETCATALOG_COMPILER_APPICON_NAME = AppIcon;
				FRAMEWORK_SEARCH_PATHS = (
					"$(inherited)",
					"$(PROJECT_DIR)",
				);
				INFOPLIST_FILE = MusicMarker2/Info.plist;
				LD_RUNPATH_SEARCH_PATHS = "$(inherited) @executable_path/Frameworks";
				PRODUCT_NAME = "$(TARGET_NAME)";
			};
			name = Release;
		};
		BCFB6E9D1B0EC5C50031538A /* Debug */ = {
			isa = XCBuildConfiguration;
			buildSettings = {
				BUNDLE_LOADER = "$(TEST_HOST)";
				FRAMEWORK_SEARCH_PATHS = (
					"$(SDKROOT)/Developer/Library/Frameworks",
					"$(inherited)",
				);
				GCC_PREPROCESSOR_DEFINITIONS = (
					"DEBUG=1",
					"$(inherited)",
				);
				INFOPLIST_FILE = MusicMarker2Tests/Info.plist;
				LD_RUNPATH_SEARCH_PATHS = "$(inherited) @executable_path/Frameworks @loader_path/Frameworks";
				PRODUCT_NAME = "$(TARGET_NAME)";
				TEST_HOST = "$(BUILT_PRODUCTS_DIR)/MusicMarker2.app/MusicMarker2";
			};
			name = Debug;
		};
		BCFB6E9E1B0EC5C50031538A /* Release */ = {
			isa = XCBuildConfiguration;
			buildSettings = {
				BUNDLE_LOADER = "$(TEST_HOST)";
				FRAMEWORK_SEARCH_PATHS = (
					"$(SDKROOT)/Developer/Library/Frameworks",
					"$(inherited)",
				);
				INFOPLIST_FILE = MusicMarker2Tests/Info.plist;
				LD_RUNPATH_SEARCH_PATHS = "$(inherited) @executable_path/Frameworks @loader_path/Frameworks";
				PRODUCT_NAME = "$(TARGET_NAME)";
				TEST_HOST = "$(BUILT_PRODUCTS_DIR)/MusicMarker2.app/MusicMarker2";
			};
			name = Release;
		};
/* End XCBuildConfiguration section */

/* Begin XCConfigurationList section */
		BCFB6E6E1B0EC5C50031538A /* Build configuration list for PBXProject "MusicMarker2" */ = {
			isa = XCConfigurationList;
			buildConfigurations = (
				BCFB6E971B0EC5C50031538A /* Debug */,
				BCFB6E981B0EC5C50031538A /* Release */,
			);
			defaultConfigurationIsVisible = 0;
			defaultConfigurationName = Release;
		};
		BCFB6E991B0EC5C50031538A /* Build configuration list for PBXNativeTarget "MusicMarker2" */ = {
			isa = XCConfigurationList;
			buildConfigurations = (
				BCFB6E9A1B0EC5C50031538A /* Debug */,
				BCFB6E9B1B0EC5C50031538A /* Release */,
			);
			defaultConfigurationIsVisible = 0;
			defaultConfigurationName = Release;
		};
		BCFB6E9C1B0EC5C50031538A /* Build configuration list for PBXNativeTarget "MusicMarker2Tests" */ = {
			isa = XCConfigurationList;
			buildConfigurations = (
				BCFB6E9D1B0EC5C50031538A /* Debug */,
				BCFB6E9E1B0EC5C50031538A /* Release */,
			);
			defaultConfigurationIsVisible = 0;
			defaultConfigurationName = Release;
		};
/* End XCConfigurationList section */

/* Begin XCVersionGroup section */
		BCFB6E7D1B0EC5C50031538A /* MusicMarker2.xcdatamodeld */ = {
			isa = XCVersionGroup;
			children = (
				BCFB6E7E1B0EC5C50031538A /* MusicMarker2.xcdatamodel */,
			);
			currentVersion = BCFB6E7E1B0EC5C50031538A /* MusicMarker2.xcdatamodel */;
			path = MusicMarker2.xcdatamodeld;
			sourceTree = "<group>";
			versionGroupType = wrapper.xcdatamodel;
		};
/* End XCVersionGroup section */
	};
	rootObject = BCFB6E6B1B0EC5C50031538A /* Project object */;
}
